
Microsoft Visual Studio Solution File, Format Version 12.00
Project("{FAE04EC0-301F-11D3-BF4B-00C04F79EFBC}") = "SGuard.Tests", "SGuard.Tests\SGuard.Tests.csproj", "{8E2C3274-7303-4D62-A3EE-E05AA551874E}"
EndProject
Global
	GlobalSection(SolutionConfigurationPlatforms) = preSolution
		Debug|Any CPU = Debug|Any CPU
		Release|Any CPU = Release|Any CPU
	EndGlobalSection
	GlobalSection(ProjectConfigurationPlatforms) = postSolution
		{8E2C3274-7303-4D62-A3EE-E05AA551874E}.Debug|Any CPU.ActiveCfg = Debug|Any CPU
		{8E2C3274-7303-4D62-A3EE-E05AA551874E}.Debug|Any CPU.Build.0 = Debug|Any CPU
		{8E2C3274-7303-4D62-A3EE-E05AA551874E}.Release|Any CPU.ActiveCfg = Release|Any CPU
		{8E2C3274-7303-4D62-A3EE-E05AA551874E}.Release|Any CPU.Build.0 = Release|Any CPU
	EndGlobalSection
EndGlobal
